{
  "name": "trpc",
  "version": "1.0.0",
  "lockfileVersion": 3,
  "requires": true,
  "packages": {
    "": {
      "name": "trpc",
      "version": "1.0.0",
      "license": "ISC",
      "dependencies": {
        "@trpc/client": "^11.0.0-rc.593",
        "@trpc/server": "^11.0.0-rc.593",
        "zod": "^3.23.8"
      },
      "devDependencies": {
        "@types/node": "^22.7.7"
      }
    },
    "node_modules/@trpc/client": {
      "version": "11.0.0-rc.593",
      "resolved": "https://registry.npmjs.org/@trpc/client/-/client-11.0.0-rc.593.tgz",
      "integrity": "sha512-uQORhYMwUeY4TluQmhl6N183BiLZz5mgIzBynkSWKxtQ7TIHt+3iRzTSiJH1jTl3SEOtCacRHS6b1yvFP2RJXw==",
      "funding": [
        "https://trpc.io/sponsor"
      ],
      "license": "MIT",
      "peerDependencies": {
        "@trpc/server": "11.0.0-rc.593+f73cd3fd9"
      }
    },
    "node_modules/@trpc/server": {
      "version": "11.0.0-rc.593",
      "resolved": "https://registry.npmjs.org/@trpc/server/-/server-11.0.0-rc.593.tgz",
      "integrity": "sha512-ihZNf7nM3OriZkkuOUFjuB51FJdtCXZUUj8FIXkq0VXF9VmMOD7j4QTl5YojIzMTJBMGUK9VADcO0shgELEmyw==",
      "funding": [
        "https://trpc.io/sponsor"
      ],
      "license": "MIT"
    },
    "node_modules/@types/node": {
      "version": "22.7.7",
      "resolved": "https://registry.npmjs.org/@types/node/-/node-22.7.7.tgz",
      "integrity": "sha512-SRxCrrg9CL/y54aiMCG3edPKdprgMVGDXjA3gB8UmmBW5TcXzRUYAh8EWzTnSJFAd1rgImPELza+A3bJ+qxz8Q==",
      "dev": true,
      "license": "MIT",
      "dependencies": {
        "undici-types": "~6.19.2"
      }
    },
    "node_modules/undici-types": {
      "version": "6.19.8",
      "resolved": "https://registry.npmjs.org/undici-types/-/undici-types-6.19.8.tgz",
      "integrity": "sha512-ve2KP6f/JnbPBFyobGHuerC9g1FYGn/F8n1LWTwNxCEzd6IfqTwUQcNXgEtmmQ6DlRrC1hrSrBnCZPokRrDHjw==",
      "dev": true,
      "license": "MIT"
    },
    "node_modules/zod": {
      "version": "3.23.8",
      "resolved": "https://registry.npmjs.org/zod/-/zod-3.23.8.tgz",
      "integrity": "sha512-XBx9AXhXktjUqnepgTiE5flcKIYWi/rme0Eaj+5Y0lftuGBq+jyRu/md4WnuxqgP1ubdpNCsYEYPxrzVHD8d6g==",
      "license": "MIT",
      "funding": {
        "url": "https://github.com/sponsors/colinhacks"
      }
    }
  }
}
